
Microsoft Visual Studio Solution File, Format Version 12.00
# Visual Studio Version 16
VisualStudioVersion = 16.0.31729.503
MinimumVisualStudioVersion = 10.0.40219.1
Project("{FAE04EC0-301F-11D3-BF4B-00C04F79EFBC}") = "Задание2", "Задание2\Задание2.csproj", "{BD4F3B89-B33E-4931-9874-553A2C04528F}"
EndProject
Global
	GlobalSection(SolutionConfigurationPlatforms) = preSolution
		Debug|Any CPU = Debug|Any CPU
		Release|Any CPU = Release|Any CPU
	EndGlobalSection
	GlobalSection(ProjectConfigurationPlatforms) = postSolution
		{BD4F3B89-B33E-4931-9874-553A2C04528F}.Debug|Any CPU.ActiveCfg = Debug|Any CPU
		{BD4F3B89-B33E-4931-9874-553A2C04528F}.Debug|Any CPU.Build.0 = Debug|Any CPU
		{BD4F3B89-B33E-4931-9874-553A2C04528F}.Release|Any CPU.ActiveCfg = Release|Any CPU
		{BD4F3B89-B33E-4931-9874-553A2C04528F}.Release|Any CPU.Build.0 = Release|Any CPU
	EndGlobalSection
	GlobalSection(SolutionProperties) = preSolution
		HideSolutionNode = FALSE
	EndGlobalSection
	GlobalSection(ExtensibilityGlobals) = postSolution
		SolutionGuid = {880D03F3-9994-4FDB-8D8F-012274B3F05B}
	EndGlobalSection
EndGlobal
