
Microsoft Visual Studio Solution File, Format Version 12.00
# Visual Studio Version 16
VisualStudioVersion = 16.0.31729.503
MinimumVisualStudioVersion = 10.0.40219.1
Project("{FAE04EC0-301F-11D3-BF4B-00C04F79EFBC}") = "ВыделениеМетода", "ВыделениеМетода\ВыделениеМетода.csproj", "{4E0E355C-C330-4B26-AD8A-F4129F96B1CF}"
EndProject
Global
	GlobalSection(SolutionConfigurationPlatforms) = preSolution
		Debug|Any CPU = Debug|Any CPU
		Release|Any CPU = Release|Any CPU
	EndGlobalSection
	GlobalSection(ProjectConfigurationPlatforms) = postSolution
		{4E0E355C-C330-4B26-AD8A-F4129F96B1CF}.Debug|Any CPU.ActiveCfg = Debug|Any CPU
		{4E0E355C-C330-4B26-AD8A-F4129F96B1CF}.Debug|Any CPU.Build.0 = Debug|Any CPU
		{4E0E355C-C330-4B26-AD8A-F4129F96B1CF}.Release|Any CPU.ActiveCfg = Release|Any CPU
		{4E0E355C-C330-4B26-AD8A-F4129F96B1CF}.Release|Any CPU.Build.0 = Release|Any CPU
	EndGlobalSection
	GlobalSection(SolutionProperties) = preSolution
		HideSolutionNode = FALSE
	EndGlobalSection
	GlobalSection(ExtensibilityGlobals) = postSolution
		SolutionGuid = {659F2017-C0E2-4B88-B471-63F5E33FF9B4}
	EndGlobalSection
EndGlobal
